
Microsoft Visual Studio Solution File, Format Version 12.00
# Visual Studio Version 17
VisualStudioVersion = 17.3.32901.215
MinimumVisualStudioVersion = 10.0.40219.1
Project("{FAE04EC0-301F-11D3-BF4B-00C04F79EFBC}") = "Dikdörtgen alan ve çevre hesaplama", "Dikdörtgen alan ve çevre hesaplama\Dikdörtgen alan ve çevre hesaplama.csproj", "{95224DEC-36FC-4884-9049-ACF702230E18}"
EndProject
Global
	GlobalSection(SolutionConfigurationPlatforms) = preSolution
		Debug|Any CPU = Debug|Any CPU
		Release|Any CPU = Release|Any CPU
	EndGlobalSection
	GlobalSection(ProjectConfigurationPlatforms) = postSolution
		{95224DEC-36FC-4884-9049-ACF702230E18}.Debug|Any CPU.ActiveCfg = Debug|Any CPU
		{95224DEC-36FC-4884-9049-ACF702230E18}.Debug|Any CPU.Build.0 = Debug|Any CPU
		{95224DEC-36FC-4884-9049-ACF702230E18}.Release|Any CPU.ActiveCfg = Release|Any CPU
		{95224DEC-36FC-4884-9049-ACF702230E18}.Release|Any CPU.Build.0 = Release|Any CPU
	EndGlobalSection
	GlobalSection(SolutionProperties) = preSolution
		HideSolutionNode = FALSE
	EndGlobalSection
	GlobalSection(ExtensibilityGlobals) = postSolution
		SolutionGuid = {D6F5A4E4-C472-4D3C-AA44-D0473A7E4E4B}
	EndGlobalSection
EndGlobal
